
Microsoft Visual Studio Solution File, Format Version 12.00
# Visual Studio 14
VisualStudioVersion = 14.0.24720.0
MinimumVisualStudioVersion = 10.0.40219.1
Project("{2150E333-8FDC-42A3-9474-1A3956D46DE8}") = "Solution Items", "Solution Items", "{518B9E05-7955-4CF0-89EC-2F68E20D4808}"
	ProjectSection(SolutionItems) = preProject
		global.json = global.json
		NuGet.Config = NuGet.Config
	EndProjectSection
EndProject
Project("{8BB2217D-0F2D-49D1-97BC-3654ED321F3B}") = "MyHealth.Web.Stress", "src\MyHealth.Web.Stress\MyHealth.Web.Stress.xproj", "{AC8EF265-8A08-4E82-9F9A-117BC315FD51}"
EndProject
Project("{FAE04EC0-301F-11D3-BF4B-00C04F79EFBC}") = "MyHealth.Client.HealthCloudAPI", "src\MyHealth.Client.HealthCloudAPI\MyHealth.Client.HealthCloudAPI.csproj", "{149BF74B-2FDA-4984-9501-A56D8DB8D139}"
EndProject
Project("{2150E333-8FDC-42A3-9474-1A3956D46DE8}") = "01 - SugarTracker", "01 - SugarTracker", "{AD3D0219-EF3A-4C66-8EB5-9D02CF3DCE8F}"
EndProject
Project("{2150E333-8FDC-42A3-9474-1A3956D46DE8}") = "00 - Data", "00 - Data", "{949450E3-C764-46D5-A376-57D09A63CFF8}"
EndProject
Project("{2150E333-8FDC-42A3-9474-1A3956D46DE8}") = "02 - Dashboard", "02 - Dashboard", "{DFB838B7-8FB3-47E5-82D1-79275455BFCF}"
EndProject
Project("{FAE04EC0-301F-11D3-BF4B-00C04F79EFBC}") = "SugarTracker", "src\MyHealth.SugarTracker\SugarTracker\SugarTracker.csproj", "{0CA8704E-ED4D-4EEF-9D15-C931892300BE}"
EndProject
Project("{FAE04EC0-301F-11D3-BF4B-00C04F79EFBC}") = "SugarTrackerWeb", "src\MyHealth.SugarTracker\SugarTrackerWeb\SugarTrackerWeb.csproj", "{FA7A9F0E-6A9B-4E1E-982E-AE6BE52BF833}"
EndProject
Global
	GlobalSection(SolutionConfigurationPlatforms) = preSolution
		Debug|Any CPU = Debug|Any CPU
		Release|Any CPU = Release|Any CPU
	EndGlobalSection
	GlobalSection(ProjectConfigurationPlatforms) = postSolution
		{AC8EF265-8A08-4E82-9F9A-117BC315FD51}.Debug|Any CPU.ActiveCfg = Debug|Any CPU
		{AC8EF265-8A08-4E82-9F9A-117BC315FD51}.Debug|Any CPU.Build.0 = Debug|Any CPU
		{AC8EF265-8A08-4E82-9F9A-117BC315FD51}.Release|Any CPU.ActiveCfg = Release|Any CPU
		{AC8EF265-8A08-4E82-9F9A-117BC315FD51}.Release|Any CPU.Build.0 = Release|Any CPU
		{149BF74B-2FDA-4984-9501-A56D8DB8D139}.Debug|Any CPU.ActiveCfg = Debug|Any CPU
		{149BF74B-2FDA-4984-9501-A56D8DB8D139}.Debug|Any CPU.Build.0 = Debug|Any CPU
		{149BF74B-2FDA-4984-9501-A56D8DB8D139}.Release|Any CPU.ActiveCfg = Release|Any CPU
		{149BF74B-2FDA-4984-9501-A56D8DB8D139}.Release|Any CPU.Build.0 = Release|Any CPU
		{0CA8704E-ED4D-4EEF-9D15-C931892300BE}.Debug|Any CPU.ActiveCfg = Debug|Any CPU
		{0CA8704E-ED4D-4EEF-9D15-C931892300BE}.Debug|Any CPU.Build.0 = Debug|Any CPU
		{0CA8704E-ED4D-4EEF-9D15-C931892300BE}.Debug|Any CPU.Deploy.0 = Debug|Any CPU
		{0CA8704E-ED4D-4EEF-9D15-C931892300BE}.Release|Any CPU.ActiveCfg = Release|Any CPU
		{0CA8704E-ED4D-4EEF-9D15-C931892300BE}.Release|Any CPU.Build.0 = Release|Any CPU
		{0CA8704E-ED4D-4EEF-9D15-C931892300BE}.Release|Any CPU.Deploy.0 = Release|Any CPU
		{FA7A9F0E-6A9B-4E1E-982E-AE6BE52BF833}.Debug|Any CPU.ActiveCfg = Debug|Any CPU
		{FA7A9F0E-6A9B-4E1E-982E-AE6BE52BF833}.Debug|Any CPU.Build.0 = Debug|Any CPU
		{FA7A9F0E-6A9B-4E1E-982E-AE6BE52BF833}.Release|Any CPU.ActiveCfg = Release|Any CPU
		{FA7A9F0E-6A9B-4E1E-982E-AE6BE52BF833}.Release|Any CPU.Build.0 = Release|Any CPU
	EndGlobalSection
	GlobalSection(SolutionProperties) = preSolution
		HideSolutionNode = FALSE
	EndGlobalSection
	GlobalSection(NestedProjects) = preSolution
		{AC8EF265-8A08-4E82-9F9A-117BC315FD51} = {DFB838B7-8FB3-47E5-82D1-79275455BFCF}
		{149BF74B-2FDA-4984-9501-A56D8DB8D139} = {949450E3-C764-46D5-A376-57D09A63CFF8}
		{0CA8704E-ED4D-4EEF-9D15-C931892300BE} = {AD3D0219-EF3A-4C66-8EB5-9D02CF3DCE8F}
		{FA7A9F0E-6A9B-4E1E-982E-AE6BE52BF833} = {AD3D0219-EF3A-4C66-8EB5-9D02CF3DCE8F}
	EndGlobalSection
EndGlobal
