
Microsoft Visual Studio Solution File, Format Version 12.00
# Visual Studio 14
VisualStudioVersion = 14.0.24720.0
MinimumVisualStudioVersion = 10.0.40219.1
Project("{151D2E53-A2C4-4D7D-83FE-D05416EBD58E}") = "MyHealth", "src\MyHealth.Deployment\MyHealth.deployproj", "{3DDF8F03-D151-486A-8A3C-A0DB0FB8A724}"
EndProject
Global
	GlobalSection(SolutionConfigurationPlatforms) = preSolution
		Debug|Any CPU = Debug|Any CPU
		Release|Any CPU = Release|Any CPU
	EndGlobalSection
	GlobalSection(ProjectConfigurationPlatforms) = postSolution
		{3DDF8F03-D151-486A-8A3C-A0DB0FB8A724}.Debug|Any CPU.ActiveCfg = Debug|Any CPU
		{3DDF8F03-D151-486A-8A3C-A0DB0FB8A724}.Debug|Any CPU.Build.0 = Debug|Any CPU
		{3DDF8F03-D151-486A-8A3C-A0DB0FB8A724}.Release|Any CPU.ActiveCfg = Release|Any CPU
		{3DDF8F03-D151-486A-8A3C-A0DB0FB8A724}.Release|Any CPU.Build.0 = Release|Any CPU
	EndGlobalSection
	GlobalSection(SolutionProperties) = preSolution
		HideSolutionNode = FALSE
	EndGlobalSection
EndGlobal
